// !$*UTF8*$!
{
	archiveVersion = 1;
	classes = {
	};
	objectVersion = 56;
	objects = {

/* Begin PBXBuildFile section */
		E21F368D2C669EAF0059923B /* FavoritesScreen.swift in Sources */ = {isa = PBXBuildFile; fileRef = E21F368C2C669EAF0059923B /* FavoritesScreen.swift */; };
		E21F368F2C669FEC0059923B /* AsteroidDetailScreen.swift in Sources */ = {isa = PBXBuildFile; fileRef = E21F368E2C669FEC0059923B /* AsteroidDetailScreen.swift */; };
		E22700442BAFE17200844860 /* CloseApproachData.swift in Sources */ = {isa = PBXBuildFile; fileRef = E22700432BAFE17200844860 /* CloseApproachData.swift */; };
		E22700462BAFE1CC00844860 /* EstimatedDiameter.swift in Sources */ = {isa = PBXBuildFile; fileRef = E22700452BAFE1CC00844860 /* EstimatedDiameter.swift */; };
		E22700482BAFE45F00844860 /* OrbitalData.swift in Sources */ = {isa = PBXBuildFile; fileRef = E22700472BAFE45F00844860 /* OrbitalData.swift */; };
		E227004A2BAFE5FF00844860 /* FeedResponse.swift in Sources */ = {isa = PBXBuildFile; fileRef = E22700492BAFE5FF00844860 /* FeedResponse.swift */; };
		E227004C2BAFE66A00844860 /* NearEarthObject.swift in Sources */ = {isa = PBXBuildFile; fileRef = E227004B2BAFE66A00844860 /* NearEarthObject.swift */; };
		E232048E2BAE7583003D9322 /* AsteroidFeedScreen.swift in Sources */ = {isa = PBXBuildFile; fileRef = E232048D2BAE7583003D9322 /* AsteroidFeedScreen.swift */; };
		E232049A2BAE905C003D9322 /* earth.usdz in Resources */ = {isa = PBXBuildFile; fileRef = E23204992BAE905C003D9322 /* earth.usdz */; };
		E23661FC2BAF66FB00AADA8F /* Units.swift in Sources */ = {isa = PBXBuildFile; fileRef = E23661FB2BAF66FB00AADA8F /* Units.swift */; };
		E243AA382BABFAD100B87D13 /* Util.swift in Sources */ = {isa = PBXBuildFile; fileRef = E243AA372BABFAD100B87D13 /* Util.swift */; };
		E247816C2C646FDA00D9510D /* ContentView.swift in Sources */ = {isa = PBXBuildFile; fileRef = E247816B2C646FDA00D9510D /* ContentView.swift */; };
		E25408A22C76BFEF00E0B250 /* APIService.swift in Sources */ = {isa = PBXBuildFile; fileRef = E25408A12C76BFEF00E0B250 /* APIService.swift */; };
		E25408A92C76DF1100E0B250 /* ViewModel.swift in Sources */ = {isa = PBXBuildFile; fileRef = E25408A82C76DF1100E0B250 /* ViewModel.swift */; };
		E25408AB2C76DF8B00E0B250 /* APIError.swift in Sources */ = {isa = PBXBuildFile; fileRef = E25408AA2C76DF8B00E0B250 /* APIError.swift */; };
		E29380642BB09EF5002F596B /* pluto.usdz in Resources */ = {isa = PBXBuildFile; fileRef = E29380632BB09EF5002F596B /* pluto.usdz */; };
		E293806C2BB0EF77002F596B /* CloseApproachView.swift in Sources */ = {isa = PBXBuildFile; fileRef = E293806B2BB0EF77002F596B /* CloseApproachView.swift */; };
		E29380762BB13356002F596B /* Favorites.swift in Sources */ = {isa = PBXBuildFile; fileRef = E29380752BB13356002F596B /* Favorites.swift */; };
		E2CEE1402C652D8200D16586 /* SceneModel.swift in Sources */ = {isa = PBXBuildFile; fileRef = E2CEE13F2C652D8200D16586 /* SceneModel.swift */; };
		E2D863C22BAE01D000A4260D /* asteroid.usdz in Resources */ = {isa = PBXBuildFile; fileRef = E2D863C12BAE01D000A4260D /* asteroid.usdz */; };
		E2DE1D242BA68250009E5B85 /* AsteroidVision.swift in Sources */ = {isa = PBXBuildFile; fileRef = E2DE1D232BA68250009E5B85 /* AsteroidVision.swift */; };
		E2DE1D282BA68251009E5B85 /* Assets.xcassets in Resources */ = {isa = PBXBuildFile; fileRef = E2DE1D272BA68251009E5B85 /* Assets.xcassets */; };
		E2DE1D2B2BA68251009E5B85 /* Preview Assets.xcassets in Resources */ = {isa = PBXBuildFile; fileRef = E2DE1D2A2BA68251009E5B85 /* Preview Assets.xcassets */; };
		E2E1B4CF2BB4F8CE0000FEA4 /* UnitSettingsScreen.swift in Sources */ = {isa = PBXBuildFile; fileRef = E2E1B4CE2BB4F8CE0000FEA4 /* UnitSettingsScreen.swift */; };
		E2E78D462BAE051500158AB0 /* SceneView.swift in Sources */ = {isa = PBXBuildFile; fileRef = E2E78D452BAE051500158AB0 /* SceneView.swift */; };
		E2EB88A72C66FD450037E719 /* AsteroidPreviewView.swift in Sources */ = {isa = PBXBuildFile; fileRef = E2EB88A62C66FD450037E719 /* AsteroidPreviewView.swift */; };
		E2EB88A92C670ACD0037E719 /* UnitSettings.swift in Sources */ = {isa = PBXBuildFile; fileRef = E2EB88A82C670ACD0037E719 /* UnitSettings.swift */; };
/* End PBXBuildFile section */

/* Begin PBXFileReference section */
		E21F368C2C669EAF0059923B /* FavoritesScreen.swift */ = {isa = PBXFileReference; lastKnownFileType = sourcecode.swift; path = FavoritesScreen.swift; sourceTree = "<group>"; };
		E21F368E2C669FEC0059923B /* AsteroidDetailScreen.swift */ = {isa = PBXFileReference; lastKnownFileType = sourcecode.swift; path = AsteroidDetailScreen.swift; sourceTree = "<group>"; };
		E22700432BAFE17200844860 /* CloseApproachData.swift */ = {isa = PBXFileReference; lastKnownFileType = sourcecode.swift; path = CloseApproachData.swift; sourceTree = "<group>"; };
		E22700452BAFE1CC00844860 /* EstimatedDiameter.swift */ = {isa = PBXFileReference; lastKnownFileType = sourcecode.swift; path = EstimatedDiameter.swift; sourceTree = "<group>"; };
		E22700472BAFE45F00844860 /* OrbitalData.swift */ = {isa = PBXFileReference; lastKnownFileType = sourcecode.swift; path = OrbitalData.swift; sourceTree = "<group>"; };
		E22700492BAFE5FF00844860 /* FeedResponse.swift */ = {isa = PBXFileReference; lastKnownFileType = sourcecode.swift; path = FeedResponse.swift; sourceTree = "<group>"; };
		E227004B2BAFE66A00844860 /* NearEarthObject.swift */ = {isa = PBXFileReference; lastKnownFileType = sourcecode.swift; path = NearEarthObject.swift; sourceTree = "<group>"; };
		E232048D2BAE7583003D9322 /* AsteroidFeedScreen.swift */ = {isa = PBXFileReference; lastKnownFileType = sourcecode.swift; path = AsteroidFeedScreen.swift; sourceTree = "<group>"; };
		E23204992BAE905C003D9322 /* earth.usdz */ = {isa = PBXFileReference; lastKnownFileType = file.usdz; path = earth.usdz; sourceTree = "<group>"; };
		E23661FB2BAF66FB00AADA8F /* Units.swift */ = {isa = PBXFileReference; lastKnownFileType = sourcecode.swift; path = Units.swift; sourceTree = "<group>"; };
		E243AA372BABFAD100B87D13 /* Util.swift */ = {isa = PBXFileReference; lastKnownFileType = sourcecode.swift; path = Util.swift; sourceTree = "<group>"; };
		E247816B2C646FDA00D9510D /* ContentView.swift */ = {isa = PBXFileReference; lastKnownFileType = sourcecode.swift; path = ContentView.swift; sourceTree = "<group>"; };
		E25408A12C76BFEF00E0B250 /* APIService.swift */ = {isa = PBXFileReference; lastKnownFileType = sourcecode.swift; path = APIService.swift; sourceTree = "<group>"; };
		E25408A82C76DF1100E0B250 /* ViewModel.swift */ = {isa = PBXFileReference; lastKnownFileType = sourcecode.swift; path = ViewModel.swift; sourceTree = "<group>"; };
		E25408AA2C76DF8B00E0B250 /* APIError.swift */ = {isa = PBXFileReference; lastKnownFileType = sourcecode.swift; path = APIError.swift; sourceTree = "<group>"; };
		E29380632BB09EF5002F596B /* pluto.usdz */ = {isa = PBXFileReference; lastKnownFileType = file.usdz; path = pluto.usdz; sourceTree = "<group>"; };
		E293806B2BB0EF77002F596B /* CloseApproachView.swift */ = {isa = PBXFileReference; lastKnownFileType = sourcecode.swift; path = CloseApproachView.swift; sourceTree = "<group>"; };
		E29380752BB13356002F596B /* Favorites.swift */ = {isa = PBXFileReference; lastKnownFileType = sourcecode.swift; path = Favorites.swift; sourceTree = "<group>"; };
		E2CEE13F2C652D8200D16586 /* SceneModel.swift */ = {isa = PBXFileReference; lastKnownFileType = sourcecode.swift; path = SceneModel.swift; sourceTree = "<group>"; };
		E2D863C12BAE01D000A4260D /* asteroid.usdz */ = {isa = PBXFileReference; lastKnownFileType = file.usdz; path = asteroid.usdz; sourceTree = "<group>"; };
		E2DE1D202BA68250009E5B85 /* AsteroidVision.app */ = {isa = PBXFileReference; explicitFileType = wrapper.application; includeInIndex = 0; path = AsteroidVision.app; sourceTree = BUILT_PRODUCTS_DIR; };
		E2DE1D232BA68250009E5B85 /* AsteroidVision.swift */ = {isa = PBXFileReference; lastKnownFileType = sourcecode.swift; path = AsteroidVision.swift; sourceTree = "<group>"; };
		E2DE1D272BA68251009E5B85 /* Assets.xcassets */ = {isa = PBXFileReference; lastKnownFileType = folder.assetcatalog; path = Assets.xcassets; sourceTree = "<group>"; };
		E2DE1D2A2BA68251009E5B85 /* Preview Assets.xcassets */ = {isa = PBXFileReference; lastKnownFileType = folder.assetcatalog; path = "Preview Assets.xcassets"; sourceTree = "<group>"; };
		E2E1B4CE2BB4F8CE0000FEA4 /* UnitSettingsScreen.swift */ = {isa = PBXFileReference; lastKnownFileType = sourcecode.swift; path = UnitSettingsScreen.swift; sourceTree = "<group>"; };
		E2E78D452BAE051500158AB0 /* SceneView.swift */ = {isa = PBXFileReference; lastKnownFileType = sourcecode.swift; path = SceneView.swift; sourceTree = "<group>"; };
		E2EB88A62C66FD450037E719 /* AsteroidPreviewView.swift */ = {isa = PBXFileReference; lastKnownFileType = sourcecode.swift; path = AsteroidPreviewView.swift; sourceTree = "<group>"; };
		E2EB88A82C670ACD0037E719 /* UnitSettings.swift */ = {isa = PBXFileReference; lastKnownFileType = sourcecode.swift; path = UnitSettings.swift; sourceTree = "<group>"; };
/* End PBXFileReference section */

/* Begin PBXFrameworksBuildPhase section */
		E2DE1D1D2BA68250009E5B85 /* Frameworks */ = {
			isa = PBXFrameworksBuildPhase;
			buildActionMask = 2147483647;
			files = (
			);
			runOnlyForDeploymentPostprocessing = 0;
		};
/* End PBXFrameworksBuildPhase section */

/* Begin PBXGroup section */
		E224DF262C6BC8FF006FF5BA /* App */ = {
			isa = PBXGroup;
			children = (
				E2DE1D232BA68250009E5B85 /* AsteroidVision.swift */,
			);
			path = App;
			sourceTree = "<group>";
		};
		E247816A2C646E0800D9510D /* View */ = {
			isa = PBXGroup;
			children = (
				E2CEE1412C652EF600D16586 /* Components */,
				E21F368E2C669FEC0059923B /* AsteroidDetailScreen.swift */,
				E232048D2BAE7583003D9322 /* AsteroidFeedScreen.swift */,
				E2EB88A62C66FD450037E719 /* AsteroidPreviewView.swift */,
				E247816B2C646FDA00D9510D /* ContentView.swift */,
				E21F368C2C669EAF0059923B /* FavoritesScreen.swift */,
				E2E1B4CE2BB4F8CE0000FEA4 /* UnitSettingsScreen.swift */,
			);
			path = View;
			sourceTree = "<group>";
		};
		E24781702C64716F00D9510D /* Data */ = {
			isa = PBXGroup;
			children = (
				E22700432BAFE17200844860 /* CloseApproachData.swift */,
				E22700452BAFE1CC00844860 /* EstimatedDiameter.swift */,
				E22700492BAFE5FF00844860 /* FeedResponse.swift */,
				E227004B2BAFE66A00844860 /* NearEarthObject.swift */,
				E22700472BAFE45F00844860 /* OrbitalData.swift */,
				E23661FB2BAF66FB00AADA8F /* Units.swift */,
			);
			path = Data;
			sourceTree = "<group>";
		};
		E25408A02C76BFDF00E0B250 /* Service */ = {
			isa = PBXGroup;
			children = (
				E25408A12C76BFEF00E0B250 /* APIService.swift */,
			);
			path = Service;
			sourceTree = "<group>";
		};
		E25408A52C76D3C100E0B250 /* ViewModel */ = {
			isa = PBXGroup;
			children = (
				E29380752BB13356002F596B /* Favorites.swift */,
				E2EB88A82C670ACD0037E719 /* UnitSettings.swift */,
				E25408A82C76DF1100E0B250 /* ViewModel.swift */,
			);
			path = ViewModel;
			sourceTree = "<group>";
		};
		E2CEE13E2C652CD700D16586 /* Util */ = {
			isa = PBXGroup;
			children = (
				E243AA372BABFAD100B87D13 /* Util.swift */,
			);
			path = Util;
			sourceTree = "<group>";
		};
		E2CEE1412C652EF600D16586 /* Components */ = {
			isa = PBXGroup;
			children = (
				E293806B2BB0EF77002F596B /* CloseApproachView.swift */,
				E2E78D452BAE051500158AB0 /* SceneView.swift */,
			);
			path = Components;
			sourceTree = "<group>";
		};
		E2D863C32BAE01E500A4260D /* 3DModels */ = {
			isa = PBXGroup;
			children = (
				E2CEE13F2C652D8200D16586 /* SceneModel.swift */,
				E29380632BB09EF5002F596B /* pluto.usdz */,
				E2D863C12BAE01D000A4260D /* asteroid.usdz */,
				E23204992BAE905C003D9322 /* earth.usdz */,
			);
			path = 3DModels;
			sourceTree = "<group>";
		};
		E2DE1D172BA68250009E5B85 = {
			isa = PBXGroup;
			children = (
				E2DE1D222BA68250009E5B85 /* AsteroidVision */,
				E2DE1D212BA68250009E5B85 /* Products */,
			);
			sourceTree = "<group>";
		};
		E2DE1D212BA68250009E5B85 /* Products */ = {
			isa = PBXGroup;
			children = (
				E2DE1D202BA68250009E5B85 /* AsteroidVision.app */,
			);
			name = Products;
			sourceTree = "<group>";
		};
		E2DE1D222BA68250009E5B85 /* AsteroidVision */ = {
			isa = PBXGroup;
			children = (
				E224DF262C6BC8FF006FF5BA /* App */,
				E25408A52C76D3C100E0B250 /* ViewModel */,
				E25408A02C76BFDF00E0B250 /* Service */,
				E2DE1D312BA6826D009E5B85 /* Model */,
				E2CEE13E2C652CD700D16586 /* Util */,
				E247816A2C646E0800D9510D /* View */,
				E2DE1D292BA68251009E5B85 /* Preview Content */,
				E2DE1D272BA68251009E5B85 /* Assets.xcassets */,
			);
			path = AsteroidVision;
			sourceTree = "<group>";
		};
		E2DE1D292BA68251009E5B85 /* Preview Content */ = {
			isa = PBXGroup;
			children = (
				E2DE1D2A2BA68251009E5B85 /* Preview Assets.xcassets */,
			);
			path = "Preview Content";
			sourceTree = "<group>";
		};
		E2DE1D312BA6826D009E5B85 /* Model */ = {
			isa = PBXGroup;
			children = (
				E2D863C32BAE01E500A4260D /* 3DModels */,
				E24781702C64716F00D9510D /* Data */,
				E25408AA2C76DF8B00E0B250 /* APIError.swift */,
			);
			path = Model;
			sourceTree = "<group>";
		};
/* End PBXGroup section */

/* Begin PBXNativeTarget section */
		E2DE1D1F2BA68250009E5B85 /* AsteroidVision */ = {
			isa = PBXNativeTarget;
			buildConfigurationList = E2DE1D2E2BA68251009E5B85 /* Build configuration list for PBXNativeTarget "AsteroidVision" */;
			buildPhases = (
				E2DE1D1C2BA68250009E5B85 /* Sources */,
				E2DE1D1D2BA68250009E5B85 /* Frameworks */,
				E2DE1D1E2BA68250009E5B85 /* Resources */,
			);
			buildRules = (
			);
			dependencies = (
			);
			name = AsteroidVision;
			productName = AsterioidVision;
			productReference = E2DE1D202BA68250009E5B85 /* AsteroidVision.app */;
			productType = "com.apple.product-type.application";
		};
/* End PBXNativeTarget section */

/* Begin PBXProject section */
		E2DE1D182BA68250009E5B85 /* Project object */ = {
			isa = PBXProject;
			attributes = {
				BuildIndependentTargetsInParallel = 1;
				LastSwiftUpdateCheck = 1500;
				LastUpgradeCheck = 1500;
				TargetAttributes = {
					E2DE1D1F2BA68250009E5B85 = {
						CreatedOnToolsVersion = 15.0.1;
					};
				};
			};
			buildConfigurationList = E2DE1D1B2BA68250009E5B85 /* Build configuration list for PBXProject "AsteroidVision" */;
			compatibilityVersion = "Xcode 14.0";
			developmentRegion = en;
			hasScannedForEncodings = 0;
			knownRegions = (
				en,
				Base,
			);
			mainGroup = E2DE1D172BA68250009E5B85;
			productRefGroup = E2DE1D212BA68250009E5B85 /* Products */;
			projectDirPath = "";
			projectRoot = "";
			targets = (
				E2DE1D1F2BA68250009E5B85 /* AsteroidVision */,
			);
		};
/* End PBXProject section */

/* Begin PBXResourcesBuildPhase section */
		E2DE1D1E2BA68250009E5B85 /* Resources */ = {
			isa = PBXResourcesBuildPhase;
			buildActionMask = 2147483647;
			files = (
				E29380642BB09EF5002F596B /* pluto.usdz in Resources */,
				E232049A2BAE905C003D9322 /* earth.usdz in Resources */,
				E2D863C22BAE01D000A4260D /* asteroid.usdz in Resources */,
				E2DE1D2B2BA68251009E5B85 /* Preview Assets.xcassets in Resources */,
				E2DE1D282BA68251009E5B85 /* Assets.xcassets in Resources */,
			);
			runOnlyForDeploymentPostprocessing = 0;
		};
/* End PBXResourcesBuildPhase section */

/* Begin PBXSourcesBuildPhase section */
		E2DE1D1C2BA68250009E5B85 /* Sources */ = {
			isa = PBXSourcesBuildPhase;
			buildActionMask = 2147483647;
			files = (
				E2EB88A92C670ACD0037E719 /* UnitSettings.swift in Sources */,
				E25408A22C76BFEF00E0B250 /* APIService.swift in Sources */,
				E2EB88A72C66FD450037E719 /* AsteroidPreviewView.swift in Sources */,
				E227004A2BAFE5FF00844860 /* FeedResponse.swift in Sources */,
				E23661FC2BAF66FB00AADA8F /* Units.swift in Sources */,
				E29380762BB13356002F596B /* Favorites.swift in Sources */,
				E247816C2C646FDA00D9510D /* ContentView.swift in Sources */,
				E22700442BAFE17200844860 /* CloseApproachData.swift in Sources */,
				E25408A92C76DF1100E0B250 /* ViewModel.swift in Sources */,
				E2E1B4CF2BB4F8CE0000FEA4 /* UnitSettingsScreen.swift in Sources */,
				E232048E2BAE7583003D9322 /* AsteroidFeedScreen.swift in Sources */,
				E21F368D2C669EAF0059923B /* FavoritesScreen.swift in Sources */,
				E2CEE1402C652D8200D16586 /* SceneModel.swift in Sources */,
				E293806C2BB0EF77002F596B /* CloseApproachView.swift in Sources */,
				E21F368F2C669FEC0059923B /* AsteroidDetailScreen.swift in Sources */,
				E227004C2BAFE66A00844860 /* NearEarthObject.swift in Sources */,
				E22700482BAFE45F00844860 /* OrbitalData.swift in Sources */,
				E2E78D462BAE051500158AB0 /* SceneView.swift in Sources */,
				E243AA382BABFAD100B87D13 /* Util.swift in Sources */,
				E22700462BAFE1CC00844860 /* EstimatedDiameter.swift in Sources */,
				E25408AB2C76DF8B00E0B250 /* APIError.swift in Sources */,
				E2DE1D242BA68250009E5B85 /* AsteroidVision.swift in Sources */,
			);
			runOnlyForDeploymentPostprocessing = 0;
		};
/* End PBXSourcesBuildPhase section */

/* Begin XCBuildConfiguration section */
		E2DE1D2C2BA68251009E5B85 /* Debug */ = {
			isa = XCBuildConfiguration;
			buildSettings = {
				ALWAYS_SEARCH_USER_PATHS = NO;
				ASSETCATALOG_COMPILER_GENERATE_SWIFT_ASSET_SYMBOL_EXTENSIONS = YES;
				CLANG_ANALYZER_NONNULL = YES;
				CLANG_ANALYZER_NUMBER_OBJECT_CONVERSION = YES_AGGRESSIVE;
				CLANG_CXX_LANGUAGE_STANDARD = "gnu++20";
				CLANG_ENABLE_MODULES = YES;
				CLANG_ENABLE_OBJC_ARC = YES;
				CLANG_ENABLE_OBJC_WEAK = YES;
				CLANG_WARN_BLOCK_CAPTURE_AUTORELEASING = YES;
				CLANG_WARN_BOOL_CONVERSION = YES;
				CLANG_WARN_COMMA = YES;
				CLANG_WARN_CONSTANT_CONVERSION = YES;
				CLANG_WARN_DEPRECATED_OBJC_IMPLEMENTATIONS = YES;
				CLANG_WARN_DIRECT_OBJC_ISA_USAGE = YES_ERROR;
				CLANG_WARN_DOCUMENTATION_COMMENTS = YES;
				CLANG_WARN_EMPTY_BODY = YES;
				CLANG_WARN_ENUM_CONVERSION = YES;
				CLANG_WARN_INFINITE_RECURSION = YES;
				CLANG_WARN_INT_CONVERSION = YES;
				CLANG_WARN_NON_LITERAL_NULL_CONVERSION = YES;
				CLANG_WARN_OBJC_IMPLICIT_RETAIN_SELF = YES;
				CLANG_WARN_OBJC_LITERAL_CONVERSION = YES;
				CLANG_WARN_OBJC_ROOT_CLASS = YES_ERROR;
				CLANG_WARN_QUOTED_INCLUDE_IN_FRAMEWORK_HEADER = YES;
				CLANG_WARN_RANGE_LOOP_ANALYSIS = YES;
				CLANG_WARN_STRICT_PROTOTYPES = YES;
				CLANG_WARN_SUSPICIOUS_MOVE = YES;
				CLANG_WARN_UNGUARDED_AVAILABILITY = YES_AGGRESSIVE;
				CLANG_WARN_UNREACHABLE_CODE = YES;
				CLANG_WARN__DUPLICATE_METHOD_MATCH = YES;
				COPY_PHASE_STRIP = NO;
				DEBUG_INFORMATION_FORMAT = dwarf;
				ENABLE_STRICT_OBJC_MSGSEND = YES;
				ENABLE_TESTABILITY = YES;
				ENABLE_USER_SCRIPT_SANDBOXING = YES;
				GCC_C_LANGUAGE_STANDARD = gnu17;
				GCC_DYNAMIC_NO_PIC = NO;
				GCC_NO_COMMON_BLOCKS = YES;
				GCC_OPTIMIZATION_LEVEL = 0;
				GCC_PREPROCESSOR_DEFINITIONS = (
					"DEBUG=1",
					"$(inherited)",
				);
				GCC_WARN_64_TO_32_BIT_CONVERSION = YES;
				GCC_WARN_ABOUT_RETURN_TYPE = YES_ERROR;
				GCC_WARN_UNDECLARED_SELECTOR = YES;
				GCC_WARN_UNINITIALIZED_AUTOS = YES_AGGRESSIVE;
				GCC_WARN_UNUSED_FUNCTION = YES;
				GCC_WARN_UNUSED_VARIABLE = YES;
				IPHONEOS_DEPLOYMENT_TARGET = 17.0;
				LOCALIZATION_PREFERS_STRING_CATALOGS = YES;
				MTL_ENABLE_DEBUG_INFO = INCLUDE_SOURCE;
				MTL_FAST_MATH = YES;
				ONLY_ACTIVE_ARCH = YES;
				SDKROOT = iphoneos;
				SWIFT_ACTIVE_COMPILATION_CONDITIONS = "DEBUG $(inherited)";
				SWIFT_OPTIMIZATION_LEVEL = "-Onone";
			};
			name = Debug;
		};
		E2DE1D2D2BA68251009E5B85 /* Release */ = {
			isa = XCBuildConfiguration;
			buildSettings = {
				ALWAYS_SEARCH_USER_PATHS = NO;
				ASSETCATALOG_COMPILER_GENERATE_SWIFT_ASSET_SYMBOL_EXTENSIONS = YES;
				CLANG_ANALYZER_NONNULL = YES;
				CLANG_ANALYZER_NUMBER_OBJECT_CONVERSION = YES_AGGRESSIVE;
				CLANG_CXX_LANGUAGE_STANDARD = "gnu++20";
				CLANG_ENABLE_MODULES = YES;
				CLANG_ENABLE_OBJC_ARC = YES;
				CLANG_ENABLE_OBJC_WEAK = YES;
				CLANG_WARN_BLOCK_CAPTURE_AUTORELEASING = YES;
				CLANG_WARN_BOOL_CONVERSION = YES;
				CLANG_WARN_COMMA = YES;
				CLANG_WARN_CONSTANT_CONVERSION = YES;
				CLANG_WARN_DEPRECATED_OBJC_IMPLEMENTATIONS = YES;
				CLANG_WARN_DIRECT_OBJC_ISA_USAGE = YES_ERROR;
				CLANG_WARN_DOCUMENTATION_COMMENTS = YES;
				CLANG_WARN_EMPTY_BODY = YES;
				CLANG_WARN_ENUM_CONVERSION = YES;
				CLANG_WARN_INFINITE_RECURSION = YES;
				CLANG_WARN_INT_CONVERSION = YES;
				CLANG_WARN_NON_LITERAL_NULL_CONVERSION = YES;
				CLANG_WARN_OBJC_IMPLICIT_RETAIN_SELF = YES;
				CLANG_WARN_OBJC_LITERAL_CONVERSION = YES;
				CLANG_WARN_OBJC_ROOT_CLASS = YES_ERROR;
				CLANG_WARN_QUOTED_INCLUDE_IN_FRAMEWORK_HEADER = YES;
				CLANG_WARN_RANGE_LOOP_ANALYSIS = YES;
				CLANG_WARN_STRICT_PROTOTYPES = YES;
				CLANG_WARN_SUSPICIOUS_MOVE = YES;
				CLANG_WARN_UNGUARDED_AVAILABILITY = YES_AGGRESSIVE;
				CLANG_WARN_UNREACHABLE_CODE = YES;
				CLANG_WARN__DUPLICATE_METHOD_MATCH = YES;
				COPY_PHASE_STRIP = NO;
				DEBUG_INFORMATION_FORMAT = "dwarf-with-dsym";
				ENABLE_NS_ASSERTIONS = NO;
				ENABLE_STRICT_OBJC_MSGSEND = YES;
				ENABLE_USER_SCRIPT_SANDBOXING = YES;
				GCC_C_LANGUAGE_STANDARD = gnu17;
				GCC_NO_COMMON_BLOCKS = YES;
				GCC_WARN_64_TO_32_BIT_CONVERSION = YES;
				GCC_WARN_ABOUT_RETURN_TYPE = YES_ERROR;
				GCC_WARN_UNDECLARED_SELECTOR = YES;
				GCC_WARN_UNINITIALIZED_AUTOS = YES_AGGRESSIVE;
				GCC_WARN_UNUSED_FUNCTION = YES;
				GCC_WARN_UNUSED_VARIABLE = YES;
				IPHONEOS_DEPLOYMENT_TARGET = 17.0;
				LOCALIZATION_PREFERS_STRING_CATALOGS = YES;
				MTL_ENABLE_DEBUG_INFO = NO;
				MTL_FAST_MATH = YES;
				SDKROOT = iphoneos;
				SWIFT_COMPILATION_MODE = wholemodule;
				VALIDATE_PRODUCT = YES;
			};
			name = Release;
		};
		E2DE1D2F2BA68251009E5B85 /* Debug */ = {
			isa = XCBuildConfiguration;
			buildSettings = {
				ASSETCATALOG_COMPILER_APPICON_NAME = AppIcon;
				ASSETCATALOG_COMPILER_GLOBAL_ACCENT_COLOR_NAME = AccentColor;
				CODE_SIGN_STYLE = Automatic;
				CURRENT_PROJECT_VERSION = 1;
				DEVELOPMENT_ASSET_PATHS = "\"AsteroidVision/Preview Content\"";
				DEVELOPMENT_TEAM = 94GUNU2NWX;
				ENABLE_PREVIEWS = YES;
				GENERATE_INFOPLIST_FILE = YES;
				INFOPLIST_KEY_UIApplicationSceneManifest_Generation = YES;
				INFOPLIST_KEY_UIApplicationSupportsIndirectInputEvents = YES;
				INFOPLIST_KEY_UILaunchScreen_Generation = YES;
				INFOPLIST_KEY_UISupportedInterfaceOrientations_iPad = "UIInterfaceOrientationPortrait UIInterfaceOrientationPortraitUpsideDown UIInterfaceOrientationLandscapeLeft UIInterfaceOrientationLandscapeRight";
				INFOPLIST_KEY_UISupportedInterfaceOrientations_iPhone = "UIInterfaceOrientationPortrait UIInterfaceOrientationLandscapeLeft UIInterfaceOrientationLandscapeRight";
				LD_RUNPATH_SEARCH_PATHS = (
					"$(inherited)",
					"@executable_path/Frameworks",
				);
				MARKETING_VERSION = 2.1;
				PRODUCT_BUNDLE_IDENTIFIER = com.noahgiboney.AsteroidVision;
				PRODUCT_NAME = "$(TARGET_NAME)";
				SUPPORTED_PLATFORMS = "iphoneos iphonesimulator";
				SUPPORTS_MACCATALYST = NO;
				SUPPORTS_MAC_DESIGNED_FOR_IPHONE_IPAD = NO;
				SUPPORTS_XR_DESIGNED_FOR_IPHONE_IPAD = NO;
				SWIFT_EMIT_LOC_STRINGS = YES;
				SWIFT_VERSION = 5.0;
				TARGETED_DEVICE_FAMILY = 1;
			};
			name = Debug;
		};
		E2DE1D302BA68251009E5B85 /* Release */ = {
			isa = XCBuildConfiguration;
			buildSettings = {
				ASSETCATALOG_COMPILER_APPICON_NAME = AppIcon;
				ASSETCATALOG_COMPILER_GLOBAL_ACCENT_COLOR_NAME = AccentColor;
				CODE_SIGN_STYLE = Automatic;
				CURRENT_PROJECT_VERSION = 1;
				DEVELOPMENT_ASSET_PATHS = "\"AsteroidVision/Preview Content\"";
				DEVELOPMENT_TEAM = 94GUNU2NWX;
				ENABLE_PREVIEWS = YES;
				GENERATE_INFOPLIST_FILE = YES;
				INFOPLIST_KEY_UIApplicationSceneManifest_Generation = YES;
				INFOPLIST_KEY_UIApplicationSupportsIndirectInputEvents = YES;
				INFOPLIST_KEY_UILaunchScreen_Generation = YES;
				INFOPLIST_KEY_UISupportedInterfaceOrientations_iPad = "UIInterfaceOrientationPortrait UIInterfaceOrientationPortraitUpsideDown UIInterfaceOrientationLandscapeLeft UIInterfaceOrientationLandscapeRight";
				INFOPLIST_KEY_UISupportedInterfaceOrientations_iPhone = "UIInterfaceOrientationPortrait UIInterfaceOrientationLandscapeLeft UIInterfaceOrientationLandscapeRight";
				LD_RUNPATH_SEARCH_PATHS = (
					"$(inherited)",
					"@executable_path/Frameworks",
				);
				MARKETING_VERSION = 2.1;
				PRODUCT_BUNDLE_IDENTIFIER = com.noahgiboney.AsteroidVision;
				PRODUCT_NAME = "$(TARGET_NAME)";
				SUPPORTED_PLATFORMS = "iphoneos iphonesimulator";
				SUPPORTS_MACCATALYST = NO;
				SUPPORTS_MAC_DESIGNED_FOR_IPHONE_IPAD = NO;
				SUPPORTS_XR_DESIGNED_FOR_IPHONE_IPAD = NO;
				SWIFT_EMIT_LOC_STRINGS = YES;
				SWIFT_VERSION = 5.0;
				TARGETED_DEVICE_FAMILY = 1;
			};
			name = Release;
		};
/* End XCBuildConfiguration section */

/* Begin XCConfigurationList section */
		E2DE1D1B2BA68250009E5B85 /* Build configuration list for PBXProject "AsteroidVision" */ = {
			isa = XCConfigurationList;
			buildConfigurations = (
				E2DE1D2C2BA68251009E5B85 /* Debug */,
				E2DE1D2D2BA68251009E5B85 /* Release */,
			);
			defaultConfigurationIsVisible = 0;
			defaultConfigurationName = Release;
		};
		E2DE1D2E2BA68251009E5B85 /* Build configuration list for PBXNativeTarget "AsteroidVision" */ = {
			isa = XCConfigurationList;
			buildConfigurations = (
				E2DE1D2F2BA68251009E5B85 /* Debug */,
				E2DE1D302BA68251009E5B85 /* Release */,
			);
			defaultConfigurationIsVisible = 0;
			defaultConfigurationName = Release;
		};
/* End XCConfigurationList section */
	};
	rootObject = E2DE1D182BA68250009E5B85 /* Project object */;
}
